
Microsoft Visual Studio Solution File, Format Version 12.00
# Visual Studio Version 17
VisualStudioVersion = 17.6.33815.320
MinimumVisualStudioVersion = 10.0.40219.1
Project("{FAE04EC0-301F-11D3-BF4B-00C04F79EFBC}") = "BinarySeEmployee", "BinarySeEmployee\BinarySeEmployee.csproj", "{FE0ED1F8-90AD-44E0-8BB6-9FCC34B76047}"
EndProject
Global
	GlobalSection(SolutionConfigurationPlatforms) = preSolution
		Debug|Any CPU = Debug|Any CPU
		Release|Any CPU = Release|Any CPU
	EndGlobalSection
	GlobalSection(ProjectConfigurationPlatforms) = postSolution
		{FE0ED1F8-90AD-44E0-8BB6-9FCC34B76047}.Debug|Any CPU.ActiveCfg = Debug|Any CPU
		{FE0ED1F8-90AD-44E0-8BB6-9FCC34B76047}.Debug|Any CPU.Build.0 = Debug|Any CPU
		{FE0ED1F8-90AD-44E0-8BB6-9FCC34B76047}.Release|Any CPU.ActiveCfg = Release|Any CPU
		{FE0ED1F8-90AD-44E0-8BB6-9FCC34B76047}.Release|Any CPU.Build.0 = Release|Any CPU
	EndGlobalSection
	GlobalSection(SolutionProperties) = preSolution
		HideSolutionNode = FALSE
	EndGlobalSection
	GlobalSection(ExtensibilityGlobals) = postSolution
		SolutionGuid = {76326BD8-0FEA-420F-9C3B-DFB6C082900F}
	EndGlobalSection
EndGlobal
